
Microsoft Visual Studio Solution File, Format Version 12.00
# Visual Studio Version 17
VisualStudioVersion = 17.3.32922.545
MinimumVisualStudioVersion = 10.0.40219.1
Project("{FAE04EC0-301F-11D3-BF4B-00C04F79EFBC}") = "EvaluationManagerG09", "EvaluationManagerG09\EvaluationManagerG09.csproj", "{684384A3-D641-4B02-8CC0-523CA9E9FADA}"
EndProject
Global
	GlobalSection(SolutionConfigurationPlatforms) = preSolution
		Debug|Any CPU = Debug|Any CPU
		Release|Any CPU = Release|Any CPU
	EndGlobalSection
	GlobalSection(ProjectConfigurationPlatforms) = postSolution
		{684384A3-D641-4B02-8CC0-523CA9E9FADA}.Debug|Any CPU.ActiveCfg = Debug|Any CPU
		{684384A3-D641-4B02-8CC0-523CA9E9FADA}.Debug|Any CPU.Build.0 = Debug|Any CPU
		{684384A3-D641-4B02-8CC0-523CA9E9FADA}.Release|Any CPU.ActiveCfg = Release|Any CPU
		{684384A3-D641-4B02-8CC0-523CA9E9FADA}.Release|Any CPU.Build.0 = Release|Any CPU
	EndGlobalSection
	GlobalSection(SolutionProperties) = preSolution
		HideSolutionNode = FALSE
	EndGlobalSection
	GlobalSection(ExtensibilityGlobals) = postSolution
		SolutionGuid = {026EDCD9-42A7-40CC-880F-069CD2662935}
	EndGlobalSection
EndGlobal
